
Microsoft Visual Studio Solution File, Format Version 12.00
# Visual Studio Version 17
VisualStudioVersion = 17.0.31903.59
MinimumVisualStudioVersion = 10.0.40219.1
Project("{FAE04EC0-301F-11D3-BF4B-00C04F79EFBC}") = "Auctio.Shared", "Auctio.Shared\Auctio.Shared.csproj", "{750C8643-6659-4882-B3E1-2C6068D77E7B}"
EndProject
Project("{FAE04EC0-301F-11D3-BF4B-00C04F79EFBC}") = "Auctio.Identity", "Auctio.Identity\Auctio.Identity.csproj", "{9187BF28-F93E-47BF-A67E-0882C9328FDB}"
EndProject
Project("{FAE04EC0-301F-11D3-BF4B-00C04F79EFBC}") = "Auctio.UserProfiles", "Auctio.UserProfiles\Auctio.UserProfiles.csproj", "{A258C669-2427-42A9-AFA5-FF0D57897D17}"
EndProject
Project("{FAE04EC0-301F-11D3-BF4B-00C04F79EFBC}") = "Auctio.Items", "Auctio.Items\Auctio.Items.csproj", "{FE4D3940-AC91-4321-B26C-8E9EF21757E5}"
EndProject
Global
	GlobalSection(SolutionConfigurationPlatforms) = preSolution
		Debug|Any CPU = Debug|Any CPU
		Release|Any CPU = Release|Any CPU
	EndGlobalSection
	GlobalSection(SolutionProperties) = preSolution
		HideSolutionNode = FALSE
	EndGlobalSection
	GlobalSection(ProjectConfigurationPlatforms) = postSolution
		{750C8643-6659-4882-B3E1-2C6068D77E7B}.Debug|Any CPU.ActiveCfg = Debug|Any CPU
		{750C8643-6659-4882-B3E1-2C6068D77E7B}.Debug|Any CPU.Build.0 = Debug|Any CPU
		{750C8643-6659-4882-B3E1-2C6068D77E7B}.Release|Any CPU.ActiveCfg = Release|Any CPU
		{750C8643-6659-4882-B3E1-2C6068D77E7B}.Release|Any CPU.Build.0 = Release|Any CPU
		{9187BF28-F93E-47BF-A67E-0882C9328FDB}.Debug|Any CPU.ActiveCfg = Debug|Any CPU
		{9187BF28-F93E-47BF-A67E-0882C9328FDB}.Debug|Any CPU.Build.0 = Debug|Any CPU
		{9187BF28-F93E-47BF-A67E-0882C9328FDB}.Release|Any CPU.ActiveCfg = Release|Any CPU
		{9187BF28-F93E-47BF-A67E-0882C9328FDB}.Release|Any CPU.Build.0 = Release|Any CPU
		{A258C669-2427-42A9-AFA5-FF0D57897D17}.Debug|Any CPU.ActiveCfg = Debug|Any CPU
		{A258C669-2427-42A9-AFA5-FF0D57897D17}.Debug|Any CPU.Build.0 = Debug|Any CPU
		{A258C669-2427-42A9-AFA5-FF0D57897D17}.Release|Any CPU.ActiveCfg = Release|Any CPU
		{A258C669-2427-42A9-AFA5-FF0D57897D17}.Release|Any CPU.Build.0 = Release|Any CPU
		{FE4D3940-AC91-4321-B26C-8E9EF21757E5}.Debug|Any CPU.ActiveCfg = Debug|Any CPU
		{FE4D3940-AC91-4321-B26C-8E9EF21757E5}.Debug|Any CPU.Build.0 = Debug|Any CPU
		{FE4D3940-AC91-4321-B26C-8E9EF21757E5}.Release|Any CPU.ActiveCfg = Release|Any CPU
		{FE4D3940-AC91-4321-B26C-8E9EF21757E5}.Release|Any CPU.Build.0 = Release|Any CPU
	EndGlobalSection
EndGlobal
